
Microsoft Visual Studio Solution File, Format Version 12.00
# Visual Studio Version 16
VisualStudioVersion = 16.0.29209.62
MinimumVisualStudioVersion = 10.0.40219.1
Project("{9A19103F-16F7-4668-BE54-9A1E7A4F7556}") = "ps4000ilb", "ps4000ilb\ps4000ilb.csproj", "{5BBA1648-87B5-4945-98C3-D0556EA0B459}"
EndProject
Project("{FAE04EC0-301F-11D3-BF4B-00C04F79EFBC}") = "ps4000lib.example", "ps4000lib.example\ps4000lib.example.csproj", "{66D32808-2502-45C5-A438-7FA7A4B7A457}"
EndProject
Global
	GlobalSection(SolutionConfigurationPlatforms) = preSolution
		Debug|Any CPU = Debug|Any CPU
		Release|Any CPU = Release|Any CPU
	EndGlobalSection
	GlobalSection(ProjectConfigurationPlatforms) = postSolution
		{5BBA1648-87B5-4945-98C3-D0556EA0B459}.Debug|Any CPU.ActiveCfg = Debug|Any CPU
		{5BBA1648-87B5-4945-98C3-D0556EA0B459}.Debug|Any CPU.Build.0 = Debug|Any CPU
		{5BBA1648-87B5-4945-98C3-D0556EA0B459}.Release|Any CPU.ActiveCfg = Release|Any CPU
		{5BBA1648-87B5-4945-98C3-D0556EA0B459}.Release|Any CPU.Build.0 = Release|Any CPU
		{66D32808-2502-45C5-A438-7FA7A4B7A457}.Debug|Any CPU.ActiveCfg = Debug|Any CPU
		{66D32808-2502-45C5-A438-7FA7A4B7A457}.Debug|Any CPU.Build.0 = Debug|Any CPU
		{66D32808-2502-45C5-A438-7FA7A4B7A457}.Release|Any CPU.ActiveCfg = Release|Any CPU
		{66D32808-2502-45C5-A438-7FA7A4B7A457}.Release|Any CPU.Build.0 = Release|Any CPU
	EndGlobalSection
	GlobalSection(SolutionProperties) = preSolution
		HideSolutionNode = FALSE
	EndGlobalSection
	GlobalSection(ExtensibilityGlobals) = postSolution
		SolutionGuid = {824D4492-D61E-4DB5-9417-8D6B8FCD4079}
	EndGlobalSection
EndGlobal
